Microsoft Visual Studio Solution File, Format Version 12.00
# Visual Studio Version 17
VisualStudioVersion = 17.13.35617.110
MinimumVisualStudioVersion = 10.0.40219.1
Project("{FAE04EC0-301F-11D3-BF4B-00C04F79EFBC}") = "FoodShopBlazor", "FoodShopBlazor.csproj", "{1DDAB509-930A-4C48-9F49-6B60135CF592}"
EndProject
Global
	GlobalSection(SolutionConfigurationPlatforms) = preSolution
		Debug|Any CPU = Debug|Any CPU
		Release|Any CPU = Release|Any CPU
	EndGlobalSection
	GlobalSection(ProjectConfigurationPlatforms) = postSolution
		{1DDAB509-930A-4C48-9F49-6B60135CF592}.Debug|Any CPU.ActiveCfg = Debug|Any CPU
		{1DDAB509-930A-4C48-9F49-6B60135CF592}.Debug|Any CPU.Build.0 = Debug|Any CPU
		{1DDAB509-930A-4C48-9F49-6B60135CF592}.Release|Any CPU.ActiveCfg = Release|Any CPU
		{1DDAB509-930A-4C48-9F49-6B60135CF592}.Release|Any CPU.Build.0 = Release|Any CPU
	EndGlobalSection
	GlobalSection(SolutionProperties) = preSolution
		HideSolutionNode = FALSE
	EndGlobalSection
	GlobalSection(ExtensibilityGlobals) = postSolution
		SolutionGuid = {7F37A89C-003E-43B6-BD70-CC3804BC67DC}
	EndGlobalSection
EndGlobal
