
Microsoft Visual Studio Solution File, Format Version 12.00
# Visual Studio Version 17
VisualStudioVersion = 17.13.35617.110
MinimumVisualStudioVersion = 10.0.40219.1
Project("{FAE04EC0-301F-11D3-BF4B-00C04F79EFBC}") = "HoaiNXRazorPages", "HoaiNXRazorPages\HoaiNXRazorPages.csproj", "{4B01CE55-961D-42F7-9F3C-577550B18173}"
EndProject
Project("{FAE04EC0-301F-11D3-BF4B-00C04F79EFBC}") = "HoaiNXRazorPages.Application", "Core\HoaiNXRazorPages.Application.csproj", "{89C7A6BF-1BDF-4B8A-BF09-D1376FBCAF5F}"
EndProject
Project("{FAE04EC0-301F-11D3-BF4B-00C04F79EFBC}") = "HoaiNXRazorPages.Infrastructure", "Infrastructure\HoaiNXRazorPages.Infrastructure.csproj", "{C855E4C4-F7EA-4236-9401-C03D74185C51}"
EndProject
Project("{FAE04EC0-301F-11D3-BF4B-00C04F79EFBC}") = "HoaiNXRazorPages.Domain", "HoaiNXRazorPages.Domain\HoaiNXRazorPages.Domain.csproj", "{B3DF7E88-D72B-4E63-8A3B-184C7F4971F8}"
EndProject
Global
	GlobalSection(SolutionConfigurationPlatforms) = preSolution
		Debug|Any CPU = Debug|Any CPU
		Release|Any CPU = Release|Any CPU
	EndGlobalSection
	GlobalSection(ProjectConfigurationPlatforms) = postSolution
		{4B01CE55-961D-42F7-9F3C-577550B18173}.Debug|Any CPU.ActiveCfg = Debug|Any CPU
		{4B01CE55-961D-42F7-9F3C-577550B18173}.Debug|Any CPU.Build.0 = Debug|Any CPU
		{4B01CE55-961D-42F7-9F3C-577550B18173}.Release|Any CPU.ActiveCfg = Release|Any CPU
		{4B01CE55-961D-42F7-9F3C-577550B18173}.Release|Any CPU.Build.0 = Release|Any CPU
		{89C7A6BF-1BDF-4B8A-BF09-D1376FBCAF5F}.Debug|Any CPU.ActiveCfg = Debug|Any CPU
		{89C7A6BF-1BDF-4B8A-BF09-D1376FBCAF5F}.Debug|Any CPU.Build.0 = Debug|Any CPU
		{89C7A6BF-1BDF-4B8A-BF09-D1376FBCAF5F}.Release|Any CPU.ActiveCfg = Release|Any CPU
		{89C7A6BF-1BDF-4B8A-BF09-D1376FBCAF5F}.Release|Any CPU.Build.0 = Release|Any CPU
		{C855E4C4-F7EA-4236-9401-C03D74185C51}.Debug|Any CPU.ActiveCfg = Debug|Any CPU
		{C855E4C4-F7EA-4236-9401-C03D74185C51}.Debug|Any CPU.Build.0 = Debug|Any CPU
		{C855E4C4-F7EA-4236-9401-C03D74185C51}.Release|Any CPU.ActiveCfg = Release|Any CPU
		{C855E4C4-F7EA-4236-9401-C03D74185C51}.Release|Any CPU.Build.0 = Release|Any CPU
		{B3DF7E88-D72B-4E63-8A3B-184C7F4971F8}.Debug|Any CPU.ActiveCfg = Debug|Any CPU
		{B3DF7E88-D72B-4E63-8A3B-184C7F4971F8}.Debug|Any CPU.Build.0 = Debug|Any CPU
		{B3DF7E88-D72B-4E63-8A3B-184C7F4971F8}.Release|Any CPU.ActiveCfg = Release|Any CPU
		{B3DF7E88-D72B-4E63-8A3B-184C7F4971F8}.Release|Any CPU.Build.0 = Release|Any CPU
	EndGlobalSection
	GlobalSection(SolutionProperties) = preSolution
		HideSolutionNode = FALSE
	EndGlobalSection
	GlobalSection(ExtensibilityGlobals) = postSolution
		SolutionGuid = {60F3F25A-1807-4FED-A433-B9C680648E53}
	EndGlobalSection
EndGlobal
